
Microsoft Visual Studio Solution File, Format Version 12.00
# Visual Studio 15
VisualStudioVersion = 15.0.27428.2005
MinimumVisualStudioVersion = 10.0.40219.1
Project("{FAE04EC0-301F-11D3-BF4B-00C04F79EFBC}") = "Seminar", "Seminar.csproj", "{C287D739-A701-4865-8A35-BAB49700FF51}"
EndProject
Global
	GlobalSection(SolutionConfigurationPlatforms) = preSolution
		Debug|Any CPU = Debug|Any CPU
		Release|Any CPU = Release|Any CPU
	EndGlobalSection
	GlobalSection(ProjectConfigurationPlatforms) = postSolution
		{C287D739-A701-4865-8A35-BAB49700FF51}.Debug|Any CPU.ActiveCfg = Debug|Any CPU
		{C287D739-A701-4865-8A35-BAB49700FF51}.Debug|Any CPU.Build.0 = Debug|Any CPU
		{C287D739-A701-4865-8A35-BAB49700FF51}.Release|Any CPU.ActiveCfg = Release|Any CPU
		{C287D739-A701-4865-8A35-BAB49700FF51}.Release|Any CPU.Build.0 = Release|Any CPU
	EndGlobalSection
	GlobalSection(SolutionProperties) = preSolution
		HideSolutionNode = FALSE
	EndGlobalSection
	GlobalSection(ExtensibilityGlobals) = postSolution
		SolutionGuid = {891DD298-EF71-4D51-A9E9-C0DF94EC2BCF}
	EndGlobalSection
EndGlobal
